
Microsoft Visual Studio Solution File, Format Version 12.00
# Visual Studio Version 17
VisualStudioVersion = 17.10.35122.118
MinimumVisualStudioVersion = 10.0.40219.1
Project("{9A19103F-16F7-4668-BE54-9A1E7A4F7556}") = "_28355", "_28355.csproj", "{796075C2-0BC7-48B1-875D-B4B8703D2A79}"
EndProject
Global
	GlobalSection(SolutionConfigurationPlatforms) = preSolution
		Debug|Any CPU = Debug|Any CPU
		Release|Any CPU = Release|Any CPU
	EndGlobalSection
	GlobalSection(ProjectConfigurationPlatforms) = postSolution
		{796075C2-0BC7-48B1-875D-B4B8703D2A79}.Debug|Any CPU.ActiveCfg = Debug|Any CPU
		{796075C2-0BC7-48B1-875D-B4B8703D2A79}.Debug|Any CPU.Build.0 = Debug|Any CPU
		{796075C2-0BC7-48B1-875D-B4B8703D2A79}.Release|Any CPU.ActiveCfg = Release|Any CPU
		{796075C2-0BC7-48B1-875D-B4B8703D2A79}.Release|Any CPU.Build.0 = Release|Any CPU
	EndGlobalSection
	GlobalSection(SolutionProperties) = preSolution
		HideSolutionNode = FALSE
	EndGlobalSection
	GlobalSection(ExtensibilityGlobals) = postSolution
		SolutionGuid = {0ADFC7BF-D429-4261-820E-8860A9425E01}
	EndGlobalSection
EndGlobal
